
Microsoft Visual Studio Solution File, Format Version 12.00
# Visual Studio Version 17
VisualStudioVersion = 17.5.33530.505
MinimumVisualStudioVersion = 10.0.40219.1
Project("{FAE04EC0-301F-11D3-BF4B-00C04F79EFBC}") = "SemanticKernalDemo", "SemanticKernalDemo\SemanticKernalDemo.csproj", "{3045AD5B-449F-4CD3-AA5E-94989067FD4A}"
EndProject
Global
	GlobalSection(SolutionConfigurationPlatforms) = preSolution
		Debug|Any CPU = Debug|Any CPU
		Release|Any CPU = Release|Any CPU
	EndGlobalSection
	GlobalSection(ProjectConfigurationPlatforms) = postSolution
		{3045AD5B-449F-4CD3-AA5E-94989067FD4A}.Debug|Any CPU.ActiveCfg = Debug|Any CPU
		{3045AD5B-449F-4CD3-AA5E-94989067FD4A}.Debug|Any CPU.Build.0 = Debug|Any CPU
		{3045AD5B-449F-4CD3-AA5E-94989067FD4A}.Release|Any CPU.ActiveCfg = Release|Any CPU
		{3045AD5B-449F-4CD3-AA5E-94989067FD4A}.Release|Any CPU.Build.0 = Release|Any CPU
	EndGlobalSection
	GlobalSection(SolutionProperties) = preSolution
		HideSolutionNode = FALSE
	EndGlobalSection
	GlobalSection(ExtensibilityGlobals) = postSolution
		SolutionGuid = {97FCD9C0-4A0C-4925-83D4-E328DAD17833}
	EndGlobalSection
EndGlobal
